
Microsoft Visual Studio Solution File, Format Version 12.00
# Visual Studio Version 17
VisualStudioVersion = 17.11.35327.3
MinimumVisualStudioVersion = 10.0.40219.1
Project("{2150E333-8FDC-42A3-9474-1A3956D46DE8}") = "01.Въведение_в_програмирането_C++", "01.Въведение_в_програмирането_C++", "{F8B5C5B0-004E-43E4-BEEF-9C9E99C7223C}"
EndProject
Project("{8BC9CEB8-8B4A-11D0-8D11-00A0C91BC942}") = "01.Mini-Project", "01.Въведение_в_програмирането_C++\01.Mini-Project\01.Mini-Project.vcxproj", "{6E7A07E8-64A9-4D6F-A6EB-92007C5A2798}"
EndProject
Project("{2150E333-8FDC-42A3-9474-1A3956D46DE8}") = "02.Основи_на_синтаксиса", "02.Основи_на_синтаксиса", "{AB90AD27-C267-44EB-94A3-E69EAC97E688}"
EndProject
Project("{8BC9CEB8-8B4A-11D0-8D11-00A0C91BC942}") = "02.Mini-Project", "02.Основи_на_синтаксиса\02.Mini-Project\02.Mini-Project.vcxproj", "{F2B1ADE9-17F8-4528-B326-BCFCB180B1A5}"
EndProject
Project("{8BC9CEB8-8B4A-11D0-8D11-00A0C91BC942}") = "03.Mini-Project", "02.Основи_на_синтаксиса\03.Mini-Project\03.Mini-Project.vcxproj", "{437D7D2E-723E-4A7A-A43E-02C648417F4D}"
EndProject
Project("{8BC9CEB8-8B4A-11D0-8D11-00A0C91BC942}") = "04.Mini-Project", "02.Основи_на_синтаксиса\04.Mini-Project\04.Mini-Project.vcxproj", "{5D162F02-1299-4FD6-92BE-A0B71D68285A}"
EndProject
Project("{2150E333-8FDC-42A3-9474-1A3956D46DE8}") = "03.Управляващи_конструкции", "03.Управляващи_конструкции", "{43165E7A-7105-4BF4-9096-8869D44D27C8}"
EndProject
Project("{8BC9CEB8-8B4A-11D0-8D11-00A0C91BC942}") = "05.Mini_Project", "03.Управляващи_конструкции\05.Mini_Project\05.Mini_Project.vcxproj", "{CC56FAD4-E677-4E5C-B704-CF770524458D}"
EndProject
Project("{8BC9CEB8-8B4A-11D0-8D11-00A0C91BC942}") = "06.Mini-Project", "03.Управляващи_конструкции\06.Mini-Project\06.Mini-Project.vcxproj", "{8FB5A02C-76F6-4FF0-9B9A-A9CE82BCACB3}"
EndProject
Project("{8BC9CEB8-8B4A-11D0-8D11-00A0C91BC942}") = "07.Mini-Project", "03.Управляващи_конструкции\07.Mini-Project\07.Mini-Project.vcxproj", "{83135A30-0792-4577-8162-6E18B960C933}"
EndProject
Project("{8BC9CEB8-8B4A-11D0-8D11-00A0C91BC942}") = "08.Mini-Project", "03.Управляващи_конструкции\08.Mini-Project\08.Mini-Project.vcxproj", "{6A127FD5-8274-41EF-B8AB-E440E438B30F}"
EndProject
Project("{8BC9CEB8-8B4A-11D0-8D11-00A0C91BC942}") = "09.Mini-Project", "03.Управляващи_конструкции\09.Mini-Project\09.Mini-Project.vcxproj", "{151137D6-CAC9-40E3-8C2B-3362389C9974}"
EndProject
Project("{2150E333-8FDC-42A3-9474-1A3956D46DE8}") = "04.Функции_в_C++", "04.Функции_в_C++", "{8BC60D7B-429E-4045-A1EF-9827D86799E8}"
EndProject
Project("{8BC9CEB8-8B4A-11D0-8D11-00A0C91BC942}") = "10.Mini-Project", "04.Функции_в_C++\10.Mini-Project\10.Mini-Project.vcxproj", "{9EA608A0-3FCF-40EE-B18B-E65DE9B3E0AB}"
EndProject
Project("{8BC9CEB8-8B4A-11D0-8D11-00A0C91BC942}") = "11.Mini-Project", "04.Функции_в_C++\11.Mini-Project\11.Mini-Project.vcxproj", "{51D567D0-B218-45CA-8ED2-07AA845FA3F9}"
EndProject
Project("{8BC9CEB8-8B4A-11D0-8D11-00A0C91BC942}") = "12.Mini-Project", "04.Функции_в_C++\12.Mini-Project\12.Mini-Project.vcxproj", "{57DBF841-25E2-4B37-91C4-05D09A2EC5F0}"
EndProject
Project("{2150E333-8FDC-42A3-9474-1A3956D46DE8}") = "05.Масиви_и_низове", "05.Масиви_и_низове", "{FC228D39-827F-4D03-9DDA-409501413B0E}"
EndProject
Project("{8BC9CEB8-8B4A-11D0-8D11-00A0C91BC942}") = "13.Mini-Project", "05.Масиви_и_низове\13.Mini-Project\13.Mini-Project.vcxproj", "{993B8C92-0118-47D2-8189-17A42C56FE37}"
EndProject
Project("{8BC9CEB8-8B4A-11D0-8D11-00A0C91BC942}") = "14.Mini-Project", "05.Масиви_и_низове\14.Mini-Project\14.Mini-Project.vcxproj", "{DFE36693-9B90-409C-BD60-C0A083C160B6}"
EndProject
Project("{8BC9CEB8-8B4A-11D0-8D11-00A0C91BC942}") = "15.Mini-Project", "05.Масиви_и_низове\15.Mini-Project\15.Mini-Project.vcxproj", "{DCC65064-F5AE-4DBD-8A97-6AD6A94F2669}"
EndProject
Project("{8BC9CEB8-8B4A-11D0-8D11-00A0C91BC942}") = "16.Mini-Project", "05.Масиви_и_низове\16.Mini-Project\16.Mini-Project.vcxproj", "{7A607D14-4AAC-403D-A419-D02AB2CCE829}"
EndProject
Project("{2150E333-8FDC-42A3-9474-1A3956D46DE8}") = "06.Указатели_и_динамична_памет", "06.Указатели_и_динамична_памет", "{CD8210BF-E424-4B22-B930-E36A0DBDCF3F}"
EndProject
Project("{8BC9CEB8-8B4A-11D0-8D11-00A0C91BC942}") = "17.Mini-Project", "06.Указатели_и_динамична_памет\17.Mini-Project\17.Mini-Project.vcxproj", "{906E86D4-1F8F-4550-A403-9B7381C0F1B4}"
EndProject
Project("{8BC9CEB8-8B4A-11D0-8D11-00A0C91BC942}") = "18.Mini-Project", "06.Указатели_и_динамична_памет\18.Mini-Project\18.Mini-Project.vcxproj", "{EEB7140D-1630-431F-AC52-28870E4119E5}"
EndProject
Project("{8BC9CEB8-8B4A-11D0-8D11-00A0C91BC942}") = "19.Mini-Project", "06.Указатели_и_динамична_памет\19.Mini-Project\19.Mini-Project.vcxproj", "{68B01C44-6FB9-4A5D-BE84-555240028EB5}"
EndProject
Project("{8BC9CEB8-8B4A-11D0-8D11-00A0C91BC942}") = "20.Mini-Project", "06.Указатели_и_динамична_памет\20.Mini-Project\20.Mini-Project.vcxproj", "{BE9B70E8-42A3-4B14-B7D4-8A4E8B177E02}"
EndProject
Project("{2150E333-8FDC-42A3-9474-1A3956D46DE8}") = "07.ООП", "07.ООП", "{799603D9-A0C5-4709-9352-1E021AFCC531}"
EndProject
Project("{8BC9CEB8-8B4A-11D0-8D11-00A0C91BC942}") = "21.Mini-Project", "07.ООП\21.Mini-Project\21.Mini-Project.vcxproj", "{E34CCD8D-85B8-446C-AD2A-336017A1D943}"
EndProject
Project("{8BC9CEB8-8B4A-11D0-8D11-00A0C91BC942}") = "22.Mini-Project", "07.ООП\22.Mini-Project\22.Mini-Project.vcxproj", "{666E4CE5-27A7-4F78-8336-B0F91CD8B1B4}"
EndProject
Project("{8BC9CEB8-8B4A-11D0-8D11-00A0C91BC942}") = "23.Mini-Project", "07.ООП\23.Mini-Project\23.Mini-Project.vcxproj", "{D1E125ED-5358-4528-981D-6ACAF2FF9E2A}"
EndProject
Project("{2150E333-8FDC-42A3-9474-1A3956D46DE8}") = "08.Стандартната_библиотека_на_C++_STL", "08.Стандартната_библиотека_на_C++_STL", "{4C46E5D3-DC7F-4739-98E6-FBE7DD302063}"
EndProject
Project("{8BC9CEB8-8B4A-11D0-8D11-00A0C91BC942}") = "24.Mini-Project", "08.Стандартната_библиотека_на_C++_STL\24.Mini-Project\24.Mini-Project.vcxproj", "{B23C3413-50F9-4BC5-91AB-FDCE1333EA28}"
EndProject
Project("{8BC9CEB8-8B4A-11D0-8D11-00A0C91BC942}") = "25.Mini-Project", "08.Стандартната_библиотека_на_C++_STL\25.Mini-Project\25.Mini-Project.vcxproj", "{B9B16AFB-2C09-47F0-ACF2-2B2F979FD807}"
EndProject
Project("{8BC9CEB8-8B4A-11D0-8D11-00A0C91BC942}") = "26.Mini-Project", "08.Стандартната_библиотека_на_C++_STL\26.Mini-Project\26.Mini-Project.vcxproj", "{DFFF07DF-5FDF-4C9E-8783-D0E73A645D67}"
EndProject
Project("{8BC9CEB8-8B4A-11D0-8D11-00A0C91BC942}") = "27.Mini-Project", "08.Стандартната_библиотека_на_C++_STL\27.Mini-Project\27.Mini-Project.vcxproj", "{1E0015E0-FE28-4397-9D9A-C7CD283AF082}"
EndProject
Project("{2150E333-8FDC-42A3-9474-1A3956D46DE8}") = "09.Работа_с_файлове", "09.Работа_с_файлове", "{AC52BC32-D050-427B-B740-8A045D135C7B}"
EndProject
Project("{8BC9CEB8-8B4A-11D0-8D11-00A0C91BC942}") = "28.Mini-Project", "09.Работа_с_файлове\28.Mini-Project\28.Mini-Project.vcxproj", "{8BAFF4DB-00E1-408F-88A8-6A832EA33615}"
EndProject
Project("{8BC9CEB8-8B4A-11D0-8D11-00A0C91BC942}") = "30.Mini-Project", "09.Работа_с_файлове\30.Mini-Project\30.Mini-Project.vcxproj", "{A8C73B11-EF6B-4470-94ED-C9D3B9811966}"
EndProject
Project("{8BC9CEB8-8B4A-11D0-8D11-00A0C91BC942}") = "29.Mini-Project", "09.Работа_с_файлове\29.Mini-Project\29.Mini-Project.vcxproj", "{65EE73CC-475E-4D33-97BA-1DF382786531}"
EndProject
Project("{8BC9CEB8-8B4A-11D0-8D11-00A0C91BC942}") = "31.Mini-Project", "09.Работа_с_файлове\31.Mini-Project\31.Mini-Project.vcxproj", "{FB370D35-3A8C-49FC-B605-1F81DBE1AD31}"
EndProject
Project("{2150E333-8FDC-42A3-9474-1A3956D46DE8}") = "Финален_Проект", "Финален_Проект", "{DC3A0D53-50FD-4E70-92B5-050429CFF4A7}"
EndProject
Project("{8BC9CEB8-8B4A-11D0-8D11-00A0C91BC942}") = "Application_Project", "Финален_Проект\Application_Project\Application_Project.vcxproj", "{15D16337-1C41-4C06-843B-B6192C82CD22}"
EndProject
Project("{2150E333-8FDC-42A3-9474-1A3956D46DE8}") = "10.Теми_за_напреднали", "10.Теми_за_напреднали", "{5766D4A3-8276-441F-A6C2-58E15EECA75C}"
EndProject
Project("{8BC9CEB8-8B4A-11D0-8D11-00A0C91BC942}") = "32.Mini-Project", "10.Теми_за_напреднали\32.Mini-Project\32.Mini-Project.vcxproj", "{C64AC768-54E6-46A6-95EF-C1A5D5A8C537}"
EndProject
Project("{8BC9CEB8-8B4A-11D0-8D11-00A0C91BC942}") = "33.Mini-Project", "10.Теми_за_напреднали\33.Mini-Project\33.Mini-Project.vcxproj", "{70D0A6A1-2981-4A95-8409-0E8319ABD286}"
EndProject
Project("{8BC9CEB8-8B4A-11D0-8D11-00A0C91BC942}") = "34.Mini-Project", "10.Теми_за_напреднали\34.Mini-Project\34.Mini-Project.vcxproj", "{FAD541DB-E0D3-4CFC-BB43-129C070FACA7}"
EndProject
Project("{8BC9CEB8-8B4A-11D0-8D11-00A0C91BC942}") = "35.Mini-Project", "10.Теми_за_напреднали\35.Mini-Project\35.Mini-Project.vcxproj", "{870D3AA3-F6E4-49DD-A067-6E8F3074DECD}"
EndProject
Project("{8BC9CEB8-8B4A-11D0-8D11-00A0C91BC942}") = "36.Mini-Project", "10.Теми_за_напреднали\36.Mini-Project\36.Mini-Project.vcxproj", "{4DBDEEA2-E936-4D1F-9DF1-0FA5AC32C807}"
EndProject
Global
	GlobalSection(SolutionConfigurationPlatforms) = preSolution
		Debug|x64 = Debug|x64
		Debug|x86 = Debug|x86
		Release|x64 = Release|x64
		Release|x86 = Release|x86
	EndGlobalSection
	GlobalSection(ProjectConfigurationPlatforms) = postSolution
		{6E7A07E8-64A9-4D6F-A6EB-92007C5A2798}.Debug|x64.ActiveCfg = Debug|x64
		{6E7A07E8-64A9-4D6F-A6EB-92007C5A2798}.Debug|x64.Build.0 = Debug|x64
		{6E7A07E8-64A9-4D6F-A6EB-92007C5A2798}.Debug|x86.ActiveCfg = Debug|Win32
		{6E7A07E8-64A9-4D6F-A6EB-92007C5A2798}.Debug|x86.Build.0 = Debug|Win32
		{6E7A07E8-64A9-4D6F-A6EB-92007C5A2798}.Release|x64.ActiveCfg = Release|x64
		{6E7A07E8-64A9-4D6F-A6EB-92007C5A2798}.Release|x64.Build.0 = Release|x64
		{6E7A07E8-64A9-4D6F-A6EB-92007C5A2798}.Release|x86.ActiveCfg = Release|Win32
		{6E7A07E8-64A9-4D6F-A6EB-92007C5A2798}.Release|x86.Build.0 = Release|Win32
		{F2B1ADE9-17F8-4528-B326-BCFCB180B1A5}.Debug|x64.ActiveCfg = Debug|x64
		{F2B1ADE9-17F8-4528-B326-BCFCB180B1A5}.Debug|x64.Build.0 = Debug|x64
		{F2B1ADE9-17F8-4528-B326-BCFCB180B1A5}.Debug|x86.ActiveCfg = Debug|Win32
		{F2B1ADE9-17F8-4528-B326-BCFCB180B1A5}.Debug|x86.Build.0 = Debug|Win32
		{F2B1ADE9-17F8-4528-B326-BCFCB180B1A5}.Release|x64.ActiveCfg = Release|x64
		{F2B1ADE9-17F8-4528-B326-BCFCB180B1A5}.Release|x64.Build.0 = Release|x64
		{F2B1ADE9-17F8-4528-B326-BCFCB180B1A5}.Release|x86.ActiveCfg = Release|Win32
		{F2B1ADE9-17F8-4528-B326-BCFCB180B1A5}.Release|x86.Build.0 = Release|Win32
		{437D7D2E-723E-4A7A-A43E-02C648417F4D}.Debug|x64.ActiveCfg = Debug|x64
		{437D7D2E-723E-4A7A-A43E-02C648417F4D}.Debug|x64.Build.0 = Debug|x64
		{437D7D2E-723E-4A7A-A43E-02C648417F4D}.Debug|x86.ActiveCfg = Debug|Win32
		{437D7D2E-723E-4A7A-A43E-02C648417F4D}.Debug|x86.Build.0 = Debug|Win32
		{437D7D2E-723E-4A7A-A43E-02C648417F4D}.Release|x64.ActiveCfg = Release|x64
		{437D7D2E-723E-4A7A-A43E-02C648417F4D}.Release|x64.Build.0 = Release|x64
		{437D7D2E-723E-4A7A-A43E-02C648417F4D}.Release|x86.ActiveCfg = Release|Win32
		{437D7D2E-723E-4A7A-A43E-02C648417F4D}.Release|x86.Build.0 = Release|Win32
		{5D162F02-1299-4FD6-92BE-A0B71D68285A}.Debug|x64.ActiveCfg = Debug|x64
		{5D162F02-1299-4FD6-92BE-A0B71D68285A}.Debug|x64.Build.0 = Debug|x64
		{5D162F02-1299-4FD6-92BE-A0B71D68285A}.Debug|x86.ActiveCfg = Debug|Win32
		{5D162F02-1299-4FD6-92BE-A0B71D68285A}.Debug|x86.Build.0 = Debug|Win32
		{5D162F02-1299-4FD6-92BE-A0B71D68285A}.Release|x64.ActiveCfg = Release|x64
		{5D162F02-1299-4FD6-92BE-A0B71D68285A}.Release|x64.Build.0 = Release|x64
		{5D162F02-1299-4FD6-92BE-A0B71D68285A}.Release|x86.ActiveCfg = Release|Win32
		{5D162F02-1299-4FD6-92BE-A0B71D68285A}.Release|x86.Build.0 = Release|Win32
		{CC56FAD4-E677-4E5C-B704-CF770524458D}.Debug|x64.ActiveCfg = Debug|x64
		{CC56FAD4-E677-4E5C-B704-CF770524458D}.Debug|x64.Build.0 = Debug|x64
		{CC56FAD4-E677-4E5C-B704-CF770524458D}.Debug|x86.ActiveCfg = Debug|Win32
		{CC56FAD4-E677-4E5C-B704-CF770524458D}.Debug|x86.Build.0 = Debug|Win32
		{CC56FAD4-E677-4E5C-B704-CF770524458D}.Release|x64.ActiveCfg = Release|x64
		{CC56FAD4-E677-4E5C-B704-CF770524458D}.Release|x64.Build.0 = Release|x64
		{CC56FAD4-E677-4E5C-B704-CF770524458D}.Release|x86.ActiveCfg = Release|Win32
		{CC56FAD4-E677-4E5C-B704-CF770524458D}.Release|x86.Build.0 = Release|Win32
		{8FB5A02C-76F6-4FF0-9B9A-A9CE82BCACB3}.Debug|x64.ActiveCfg = Debug|x64
		{8FB5A02C-76F6-4FF0-9B9A-A9CE82BCACB3}.Debug|x64.Build.0 = Debug|x64
		{8FB5A02C-76F6-4FF0-9B9A-A9CE82BCACB3}.Debug|x86.ActiveCfg = Debug|Win32
		{8FB5A02C-76F6-4FF0-9B9A-A9CE82BCACB3}.Debug|x86.Build.0 = Debug|Win32
		{8FB5A02C-76F6-4FF0-9B9A-A9CE82BCACB3}.Release|x64.ActiveCfg = Release|x64
		{8FB5A02C-76F6-4FF0-9B9A-A9CE82BCACB3}.Release|x64.Build.0 = Release|x64
		{8FB5A02C-76F6-4FF0-9B9A-A9CE82BCACB3}.Release|x86.ActiveCfg = Release|Win32
		{8FB5A02C-76F6-4FF0-9B9A-A9CE82BCACB3}.Release|x86.Build.0 = Release|Win32
		{83135A30-0792-4577-8162-6E18B960C933}.Debug|x64.ActiveCfg = Debug|x64
		{83135A30-0792-4577-8162-6E18B960C933}.Debug|x64.Build.0 = Debug|x64
		{83135A30-0792-4577-8162-6E18B960C933}.Debug|x86.ActiveCfg = Debug|Win32
		{83135A30-0792-4577-8162-6E18B960C933}.Debug|x86.Build.0 = Debug|Win32
		{83135A30-0792-4577-8162-6E18B960C933}.Release|x64.ActiveCfg = Release|x64
		{83135A30-0792-4577-8162-6E18B960C933}.Release|x64.Build.0 = Release|x64
		{83135A30-0792-4577-8162-6E18B960C933}.Release|x86.ActiveCfg = Release|Win32
		{83135A30-0792-4577-8162-6E18B960C933}.Release|x86.Build.0 = Release|Win32
		{6A127FD5-8274-41EF-B8AB-E440E438B30F}.Debug|x64.ActiveCfg = Debug|x64
		{6A127FD5-8274-41EF-B8AB-E440E438B30F}.Debug|x64.Build.0 = Debug|x64
		{6A127FD5-8274-41EF-B8AB-E440E438B30F}.Debug|x86.ActiveCfg = Debug|Win32
		{6A127FD5-8274-41EF-B8AB-E440E438B30F}.Debug|x86.Build.0 = Debug|Win32
		{6A127FD5-8274-41EF-B8AB-E440E438B30F}.Release|x64.ActiveCfg = Release|x64
		{6A127FD5-8274-41EF-B8AB-E440E438B30F}.Release|x64.Build.0 = Release|x64
		{6A127FD5-8274-41EF-B8AB-E440E438B30F}.Release|x86.ActiveCfg = Release|Win32
		{6A127FD5-8274-41EF-B8AB-E440E438B30F}.Release|x86.Build.0 = Release|Win32
		{151137D6-CAC9-40E3-8C2B-3362389C9974}.Debug|x64.ActiveCfg = Debug|x64
		{151137D6-CAC9-40E3-8C2B-3362389C9974}.Debug|x64.Build.0 = Debug|x64
		{151137D6-CAC9-40E3-8C2B-3362389C9974}.Debug|x86.ActiveCfg = Debug|Win32
		{151137D6-CAC9-40E3-8C2B-3362389C9974}.Debug|x86.Build.0 = Debug|Win32
		{151137D6-CAC9-40E3-8C2B-3362389C9974}.Release|x64.ActiveCfg = Release|x64
		{151137D6-CAC9-40E3-8C2B-3362389C9974}.Release|x64.Build.0 = Release|x64
		{151137D6-CAC9-40E3-8C2B-3362389C9974}.Release|x86.ActiveCfg = Release|Win32
		{151137D6-CAC9-40E3-8C2B-3362389C9974}.Release|x86.Build.0 = Release|Win32
		{9EA608A0-3FCF-40EE-B18B-E65DE9B3E0AB}.Debug|x64.ActiveCfg = Debug|x64
		{9EA608A0-3FCF-40EE-B18B-E65DE9B3E0AB}.Debug|x64.Build.0 = Debug|x64
		{9EA608A0-3FCF-40EE-B18B-E65DE9B3E0AB}.Debug|x86.ActiveCfg = Debug|Win32
		{9EA608A0-3FCF-40EE-B18B-E65DE9B3E0AB}.Debug|x86.Build.0 = Debug|Win32
		{9EA608A0-3FCF-40EE-B18B-E65DE9B3E0AB}.Release|x64.ActiveCfg = Release|x64
		{9EA608A0-3FCF-40EE-B18B-E65DE9B3E0AB}.Release|x64.Build.0 = Release|x64
		{9EA608A0-3FCF-40EE-B18B-E65DE9B3E0AB}.Release|x86.ActiveCfg = Release|Win32
		{9EA608A0-3FCF-40EE-B18B-E65DE9B3E0AB}.Release|x86.Build.0 = Release|Win32
		{51D567D0-B218-45CA-8ED2-07AA845FA3F9}.Debug|x64.ActiveCfg = Debug|x64
		{51D567D0-B218-45CA-8ED2-07AA845FA3F9}.Debug|x64.Build.0 = Debug|x64
		{51D567D0-B218-45CA-8ED2-07AA845FA3F9}.Debug|x86.ActiveCfg = Debug|Win32
		{51D567D0-B218-45CA-8ED2-07AA845FA3F9}.Debug|x86.Build.0 = Debug|Win32
		{51D567D0-B218-45CA-8ED2-07AA845FA3F9}.Release|x64.ActiveCfg = Release|x64
		{51D567D0-B218-45CA-8ED2-07AA845FA3F9}.Release|x64.Build.0 = Release|x64
		{51D567D0-B218-45CA-8ED2-07AA845FA3F9}.Release|x86.ActiveCfg = Release|Win32
		{51D567D0-B218-45CA-8ED2-07AA845FA3F9}.Release|x86.Build.0 = Release|Win32
		{57DBF841-25E2-4B37-91C4-05D09A2EC5F0}.Debug|x64.ActiveCfg = Debug|x64
		{57DBF841-25E2-4B37-91C4-05D09A2EC5F0}.Debug|x64.Build.0 = Debug|x64
		{57DBF841-25E2-4B37-91C4-05D09A2EC5F0}.Debug|x86.ActiveCfg = Debug|Win32
		{57DBF841-25E2-4B37-91C4-05D09A2EC5F0}.Debug|x86.Build.0 = Debug|Win32
		{57DBF841-25E2-4B37-91C4-05D09A2EC5F0}.Release|x64.ActiveCfg = Release|x64
		{57DBF841-25E2-4B37-91C4-05D09A2EC5F0}.Release|x64.Build.0 = Release|x64
		{57DBF841-25E2-4B37-91C4-05D09A2EC5F0}.Release|x86.ActiveCfg = Release|Win32
		{57DBF841-25E2-4B37-91C4-05D09A2EC5F0}.Release|x86.Build.0 = Release|Win32
		{993B8C92-0118-47D2-8189-17A42C56FE37}.Debug|x64.ActiveCfg = Debug|x64
		{993B8C92-0118-47D2-8189-17A42C56FE37}.Debug|x64.Build.0 = Debug|x64
		{993B8C92-0118-47D2-8189-17A42C56FE37}.Debug|x86.ActiveCfg = Debug|Win32
		{993B8C92-0118-47D2-8189-17A42C56FE37}.Debug|x86.Build.0 = Debug|Win32
		{993B8C92-0118-47D2-8189-17A42C56FE37}.Release|x64.ActiveCfg = Release|x64
		{993B8C92-0118-47D2-8189-17A42C56FE37}.Release|x64.Build.0 = Release|x64
		{993B8C92-0118-47D2-8189-17A42C56FE37}.Release|x86.ActiveCfg = Release|Win32
		{993B8C92-0118-47D2-8189-17A42C56FE37}.Release|x86.Build.0 = Release|Win32
		{DFE36693-9B90-409C-BD60-C0A083C160B6}.Debug|x64.ActiveCfg = Debug|x64
		{DFE36693-9B90-409C-BD60-C0A083C160B6}.Debug|x64.Build.0 = Debug|x64
		{DFE36693-9B90-409C-BD60-C0A083C160B6}.Debug|x86.ActiveCfg = Debug|Win32
		{DFE36693-9B90-409C-BD60-C0A083C160B6}.Debug|x86.Build.0 = Debug|Win32
		{DFE36693-9B90-409C-BD60-C0A083C160B6}.Release|x64.ActiveCfg = Release|x64
		{DFE36693-9B90-409C-BD60-C0A083C160B6}.Release|x64.Build.0 = Release|x64
		{DFE36693-9B90-409C-BD60-C0A083C160B6}.Release|x86.ActiveCfg = Release|Win32
		{DFE36693-9B90-409C-BD60-C0A083C160B6}.Release|x86.Build.0 = Release|Win32
		{DCC65064-F5AE-4DBD-8A97-6AD6A94F2669}.Debug|x64.ActiveCfg = Debug|x64
		{DCC65064-F5AE-4DBD-8A97-6AD6A94F2669}.Debug|x64.Build.0 = Debug|x64
		{DCC65064-F5AE-4DBD-8A97-6AD6A94F2669}.Debug|x86.ActiveCfg = Debug|Win32
		{DCC65064-F5AE-4DBD-8A97-6AD6A94F2669}.Debug|x86.Build.0 = Debug|Win32
		{DCC65064-F5AE-4DBD-8A97-6AD6A94F2669}.Release|x64.ActiveCfg = Release|x64
		{DCC65064-F5AE-4DBD-8A97-6AD6A94F2669}.Release|x64.Build.0 = Release|x64
		{DCC65064-F5AE-4DBD-8A97-6AD6A94F2669}.Release|x86.ActiveCfg = Release|Win32
		{DCC65064-F5AE-4DBD-8A97-6AD6A94F2669}.Release|x86.Build.0 = Release|Win32
		{7A607D14-4AAC-403D-A419-D02AB2CCE829}.Debug|x64.ActiveCfg = Debug|x64
		{7A607D14-4AAC-403D-A419-D02AB2CCE829}.Debug|x64.Build.0 = Debug|x64
		{7A607D14-4AAC-403D-A419-D02AB2CCE829}.Debug|x86.ActiveCfg = Debug|Win32
		{7A607D14-4AAC-403D-A419-D02AB2CCE829}.Debug|x86.Build.0 = Debug|Win32
		{7A607D14-4AAC-403D-A419-D02AB2CCE829}.Release|x64.ActiveCfg = Release|x64
		{7A607D14-4AAC-403D-A419-D02AB2CCE829}.Release|x64.Build.0 = Release|x64
		{7A607D14-4AAC-403D-A419-D02AB2CCE829}.Release|x86.ActiveCfg = Release|Win32
		{7A607D14-4AAC-403D-A419-D02AB2CCE829}.Release|x86.Build.0 = Release|Win32
		{906E86D4-1F8F-4550-A403-9B7381C0F1B4}.Debug|x64.ActiveCfg = Debug|x64
		{906E86D4-1F8F-4550-A403-9B7381C0F1B4}.Debug|x64.Build.0 = Debug|x64
		{906E86D4-1F8F-4550-A403-9B7381C0F1B4}.Debug|x86.ActiveCfg = Debug|Win32
		{906E86D4-1F8F-4550-A403-9B7381C0F1B4}.Debug|x86.Build.0 = Debug|Win32
		{906E86D4-1F8F-4550-A403-9B7381C0F1B4}.Release|x64.ActiveCfg = Release|x64
		{906E86D4-1F8F-4550-A403-9B7381C0F1B4}.Release|x64.Build.0 = Release|x64
		{906E86D4-1F8F-4550-A403-9B7381C0F1B4}.Release|x86.ActiveCfg = Release|Win32
		{906E86D4-1F8F-4550-A403-9B7381C0F1B4}.Release|x86.Build.0 = Release|Win32
		{EEB7140D-1630-431F-AC52-28870E4119E5}.Debug|x64.ActiveCfg = Debug|x64
		{EEB7140D-1630-431F-AC52-28870E4119E5}.Debug|x64.Build.0 = Debug|x64
		{EEB7140D-1630-431F-AC52-28870E4119E5}.Debug|x86.ActiveCfg = Debug|Win32
		{EEB7140D-1630-431F-AC52-28870E4119E5}.Debug|x86.Build.0 = Debug|Win32
		{EEB7140D-1630-431F-AC52-28870E4119E5}.Release|x64.ActiveCfg = Release|x64
		{EEB7140D-1630-431F-AC52-28870E4119E5}.Release|x64.Build.0 = Release|x64
		{EEB7140D-1630-431F-AC52-28870E4119E5}.Release|x86.ActiveCfg = Release|Win32
		{EEB7140D-1630-431F-AC52-28870E4119E5}.Release|x86.Build.0 = Release|Win32
		{68B01C44-6FB9-4A5D-BE84-555240028EB5}.Debug|x64.ActiveCfg = Debug|x64
		{68B01C44-6FB9-4A5D-BE84-555240028EB5}.Debug|x64.Build.0 = Debug|x64
		{68B01C44-6FB9-4A5D-BE84-555240028EB5}.Debug|x86.ActiveCfg = Debug|Win32
		{68B01C44-6FB9-4A5D-BE84-555240028EB5}.Debug|x86.Build.0 = Debug|Win32
		{68B01C44-6FB9-4A5D-BE84-555240028EB5}.Release|x64.ActiveCfg = Release|x64
		{68B01C44-6FB9-4A5D-BE84-555240028EB5}.Release|x64.Build.0 = Release|x64
		{68B01C44-6FB9-4A5D-BE84-555240028EB5}.Release|x86.ActiveCfg = Release|Win32
		{68B01C44-6FB9-4A5D-BE84-555240028EB5}.Release|x86.Build.0 = Release|Win32
		{BE9B70E8-42A3-4B14-B7D4-8A4E8B177E02}.Debug|x64.ActiveCfg = Debug|x64
		{BE9B70E8-42A3-4B14-B7D4-8A4E8B177E02}.Debug|x64.Build.0 = Debug|x64
		{BE9B70E8-42A3-4B14-B7D4-8A4E8B177E02}.Debug|x86.ActiveCfg = Debug|Win32
		{BE9B70E8-42A3-4B14-B7D4-8A4E8B177E02}.Debug|x86.Build.0 = Debug|Win32
		{BE9B70E8-42A3-4B14-B7D4-8A4E8B177E02}.Release|x64.ActiveCfg = Release|x64
		{BE9B70E8-42A3-4B14-B7D4-8A4E8B177E02}.Release|x64.Build.0 = Release|x64
		{BE9B70E8-42A3-4B14-B7D4-8A4E8B177E02}.Release|x86.ActiveCfg = Release|Win32
		{BE9B70E8-42A3-4B14-B7D4-8A4E8B177E02}.Release|x86.Build.0 = Release|Win32
		{E34CCD8D-85B8-446C-AD2A-336017A1D943}.Debug|x64.ActiveCfg = Debug|x64
		{E34CCD8D-85B8-446C-AD2A-336017A1D943}.Debug|x64.Build.0 = Debug|x64
		{E34CCD8D-85B8-446C-AD2A-336017A1D943}.Debug|x86.ActiveCfg = Debug|Win32
		{E34CCD8D-85B8-446C-AD2A-336017A1D943}.Debug|x86.Build.0 = Debug|Win32
		{E34CCD8D-85B8-446C-AD2A-336017A1D943}.Release|x64.ActiveCfg = Release|x64
		{E34CCD8D-85B8-446C-AD2A-336017A1D943}.Release|x64.Build.0 = Release|x64
		{E34CCD8D-85B8-446C-AD2A-336017A1D943}.Release|x86.ActiveCfg = Release|Win32
		{E34CCD8D-85B8-446C-AD2A-336017A1D943}.Release|x86.Build.0 = Release|Win32
		{666E4CE5-27A7-4F78-8336-B0F91CD8B1B4}.Debug|x64.ActiveCfg = Debug|x64
		{666E4CE5-27A7-4F78-8336-B0F91CD8B1B4}.Debug|x64.Build.0 = Debug|x64
		{666E4CE5-27A7-4F78-8336-B0F91CD8B1B4}.Debug|x86.ActiveCfg = Debug|Win32
		{666E4CE5-27A7-4F78-8336-B0F91CD8B1B4}.Debug|x86.Build.0 = Debug|Win32
		{666E4CE5-27A7-4F78-8336-B0F91CD8B1B4}.Release|x64.ActiveCfg = Release|x64
		{666E4CE5-27A7-4F78-8336-B0F91CD8B1B4}.Release|x64.Build.0 = Release|x64
		{666E4CE5-27A7-4F78-8336-B0F91CD8B1B4}.Release|x86.ActiveCfg = Release|Win32
		{666E4CE5-27A7-4F78-8336-B0F91CD8B1B4}.Release|x86.Build.0 = Release|Win32
		{D1E125ED-5358-4528-981D-6ACAF2FF9E2A}.Debug|x64.ActiveCfg = Debug|x64
		{D1E125ED-5358-4528-981D-6ACAF2FF9E2A}.Debug|x64.Build.0 = Debug|x64
		{D1E125ED-5358-4528-981D-6ACAF2FF9E2A}.Debug|x86.ActiveCfg = Debug|Win32
		{D1E125ED-5358-4528-981D-6ACAF2FF9E2A}.Debug|x86.Build.0 = Debug|Win32
		{D1E125ED-5358-4528-981D-6ACAF2FF9E2A}.Release|x64.ActiveCfg = Release|x64
		{D1E125ED-5358-4528-981D-6ACAF2FF9E2A}.Release|x64.Build.0 = Release|x64
		{D1E125ED-5358-4528-981D-6ACAF2FF9E2A}.Release|x86.ActiveCfg = Release|Win32
		{D1E125ED-5358-4528-981D-6ACAF2FF9E2A}.Release|x86.Build.0 = Release|Win32
		{B23C3413-50F9-4BC5-91AB-FDCE1333EA28}.Debug|x64.ActiveCfg = Debug|x64
		{B23C3413-50F9-4BC5-91AB-FDCE1333EA28}.Debug|x64.Build.0 = Debug|x64
		{B23C3413-50F9-4BC5-91AB-FDCE1333EA28}.Debug|x86.ActiveCfg = Debug|Win32
		{B23C3413-50F9-4BC5-91AB-FDCE1333EA28}.Debug|x86.Build.0 = Debug|Win32
		{B23C3413-50F9-4BC5-91AB-FDCE1333EA28}.Release|x64.ActiveCfg = Release|x64
		{B23C3413-50F9-4BC5-91AB-FDCE1333EA28}.Release|x64.Build.0 = Release|x64
		{B23C3413-50F9-4BC5-91AB-FDCE1333EA28}.Release|x86.ActiveCfg = Release|Win32
		{B23C3413-50F9-4BC5-91AB-FDCE1333EA28}.Release|x86.Build.0 = Release|Win32
		{B9B16AFB-2C09-47F0-ACF2-2B2F979FD807}.Debug|x64.ActiveCfg = Debug|x64
		{B9B16AFB-2C09-47F0-ACF2-2B2F979FD807}.Debug|x64.Build.0 = Debug|x64
		{B9B16AFB-2C09-47F0-ACF2-2B2F979FD807}.Debug|x86.ActiveCfg = Debug|Win32
		{B9B16AFB-2C09-47F0-ACF2-2B2F979FD807}.Debug|x86.Build.0 = Debug|Win32
		{B9B16AFB-2C09-47F0-ACF2-2B2F979FD807}.Release|x64.ActiveCfg = Release|x64
		{B9B16AFB-2C09-47F0-ACF2-2B2F979FD807}.Release|x64.Build.0 = Release|x64
		{B9B16AFB-2C09-47F0-ACF2-2B2F979FD807}.Release|x86.ActiveCfg = Release|Win32
		{B9B16AFB-2C09-47F0-ACF2-2B2F979FD807}.Release|x86.Build.0 = Release|Win32
		{DFFF07DF-5FDF-4C9E-8783-D0E73A645D67}.Debug|x64.ActiveCfg = Debug|x64
		{DFFF07DF-5FDF-4C9E-8783-D0E73A645D67}.Debug|x64.Build.0 = Debug|x64
		{DFFF07DF-5FDF-4C9E-8783-D0E73A645D67}.Debug|x86.ActiveCfg = Debug|Win32
		{DFFF07DF-5FDF-4C9E-8783-D0E73A645D67}.Debug|x86.Build.0 = Debug|Win32
		{DFFF07DF-5FDF-4C9E-8783-D0E73A645D67}.Release|x64.ActiveCfg = Release|x64
		{DFFF07DF-5FDF-4C9E-8783-D0E73A645D67}.Release|x64.Build.0 = Release|x64
		{DFFF07DF-5FDF-4C9E-8783-D0E73A645D67}.Release|x86.ActiveCfg = Release|Win32
		{DFFF07DF-5FDF-4C9E-8783-D0E73A645D67}.Release|x86.Build.0 = Release|Win32
		{1E0015E0-FE28-4397-9D9A-C7CD283AF082}.Debug|x64.ActiveCfg = Debug|x64
		{1E0015E0-FE28-4397-9D9A-C7CD283AF082}.Debug|x64.Build.0 = Debug|x64
		{1E0015E0-FE28-4397-9D9A-C7CD283AF082}.Debug|x86.ActiveCfg = Debug|Win32
		{1E0015E0-FE28-4397-9D9A-C7CD283AF082}.Debug|x86.Build.0 = Debug|Win32
		{1E0015E0-FE28-4397-9D9A-C7CD283AF082}.Release|x64.ActiveCfg = Release|x64
		{1E0015E0-FE28-4397-9D9A-C7CD283AF082}.Release|x64.Build.0 = Release|x64
		{1E0015E0-FE28-4397-9D9A-C7CD283AF082}.Release|x86.ActiveCfg = Release|Win32
		{1E0015E0-FE28-4397-9D9A-C7CD283AF082}.Release|x86.Build.0 = Release|Win32
		{8BAFF4DB-00E1-408F-88A8-6A832EA33615}.Debug|x64.ActiveCfg = Debug|x64
		{8BAFF4DB-00E1-408F-88A8-6A832EA33615}.Debug|x64.Build.0 = Debug|x64
		{8BAFF4DB-00E1-408F-88A8-6A832EA33615}.Debug|x86.ActiveCfg = Debug|Win32
		{8BAFF4DB-00E1-408F-88A8-6A832EA33615}.Debug|x86.Build.0 = Debug|Win32
		{8BAFF4DB-00E1-408F-88A8-6A832EA33615}.Release|x64.ActiveCfg = Release|x64
		{8BAFF4DB-00E1-408F-88A8-6A832EA33615}.Release|x64.Build.0 = Release|x64
		{8BAFF4DB-00E1-408F-88A8-6A832EA33615}.Release|x86.ActiveCfg = Release|Win32
		{8BAFF4DB-00E1-408F-88A8-6A832EA33615}.Release|x86.Build.0 = Release|Win32
		{A8C73B11-EF6B-4470-94ED-C9D3B9811966}.Debug|x64.ActiveCfg = Debug|x64
		{A8C73B11-EF6B-4470-94ED-C9D3B9811966}.Debug|x64.Build.0 = Debug|x64
		{A8C73B11-EF6B-4470-94ED-C9D3B9811966}.Debug|x86.ActiveCfg = Debug|Win32
		{A8C73B11-EF6B-4470-94ED-C9D3B9811966}.Debug|x86.Build.0 = Debug|Win32
		{A8C73B11-EF6B-4470-94ED-C9D3B9811966}.Release|x64.ActiveCfg = Release|x64
		{A8C73B11-EF6B-4470-94ED-C9D3B9811966}.Release|x64.Build.0 = Release|x64
		{A8C73B11-EF6B-4470-94ED-C9D3B9811966}.Release|x86.ActiveCfg = Release|Win32
		{A8C73B11-EF6B-4470-94ED-C9D3B9811966}.Release|x86.Build.0 = Release|Win32
		{65EE73CC-475E-4D33-97BA-1DF382786531}.Debug|x64.ActiveCfg = Debug|x64
		{65EE73CC-475E-4D33-97BA-1DF382786531}.Debug|x64.Build.0 = Debug|x64
		{65EE73CC-475E-4D33-97BA-1DF382786531}.Debug|x86.ActiveCfg = Debug|Win32
		{65EE73CC-475E-4D33-97BA-1DF382786531}.Debug|x86.Build.0 = Debug|Win32
		{65EE73CC-475E-4D33-97BA-1DF382786531}.Release|x64.ActiveCfg = Release|x64
		{65EE73CC-475E-4D33-97BA-1DF382786531}.Release|x64.Build.0 = Release|x64
		{65EE73CC-475E-4D33-97BA-1DF382786531}.Release|x86.ActiveCfg = Release|Win32
		{65EE73CC-475E-4D33-97BA-1DF382786531}.Release|x86.Build.0 = Release|Win32
		{FB370D35-3A8C-49FC-B605-1F81DBE1AD31}.Debug|x64.ActiveCfg = Debug|x64
		{FB370D35-3A8C-49FC-B605-1F81DBE1AD31}.Debug|x64.Build.0 = Debug|x64
		{FB370D35-3A8C-49FC-B605-1F81DBE1AD31}.Debug|x86.ActiveCfg = Debug|Win32
		{FB370D35-3A8C-49FC-B605-1F81DBE1AD31}.Debug|x86.Build.0 = Debug|Win32
		{FB370D35-3A8C-49FC-B605-1F81DBE1AD31}.Release|x64.ActiveCfg = Release|x64
		{FB370D35-3A8C-49FC-B605-1F81DBE1AD31}.Release|x64.Build.0 = Release|x64
		{FB370D35-3A8C-49FC-B605-1F81DBE1AD31}.Release|x86.ActiveCfg = Release|Win32
		{FB370D35-3A8C-49FC-B605-1F81DBE1AD31}.Release|x86.Build.0 = Release|Win32
		{15D16337-1C41-4C06-843B-B6192C82CD22}.Debug|x64.ActiveCfg = Debug|x64
		{15D16337-1C41-4C06-843B-B6192C82CD22}.Debug|x64.Build.0 = Debug|x64
		{15D16337-1C41-4C06-843B-B6192C82CD22}.Debug|x86.ActiveCfg = Debug|Win32
		{15D16337-1C41-4C06-843B-B6192C82CD22}.Debug|x86.Build.0 = Debug|Win32
		{15D16337-1C41-4C06-843B-B6192C82CD22}.Release|x64.ActiveCfg = Release|x64
		{15D16337-1C41-4C06-843B-B6192C82CD22}.Release|x64.Build.0 = Release|x64
		{15D16337-1C41-4C06-843B-B6192C82CD22}.Release|x86.ActiveCfg = Release|Win32
		{15D16337-1C41-4C06-843B-B6192C82CD22}.Release|x86.Build.0 = Release|Win32
		{C64AC768-54E6-46A6-95EF-C1A5D5A8C537}.Debug|x64.ActiveCfg = Debug|x64
		{C64AC768-54E6-46A6-95EF-C1A5D5A8C537}.Debug|x64.Build.0 = Debug|x64
		{C64AC768-54E6-46A6-95EF-C1A5D5A8C537}.Debug|x86.ActiveCfg = Debug|Win32
		{C64AC768-54E6-46A6-95EF-C1A5D5A8C537}.Debug|x86.Build.0 = Debug|Win32
		{C64AC768-54E6-46A6-95EF-C1A5D5A8C537}.Release|x64.ActiveCfg = Release|x64
		{C64AC768-54E6-46A6-95EF-C1A5D5A8C537}.Release|x64.Build.0 = Release|x64
		{C64AC768-54E6-46A6-95EF-C1A5D5A8C537}.Release|x86.ActiveCfg = Release|Win32
		{C64AC768-54E6-46A6-95EF-C1A5D5A8C537}.Release|x86.Build.0 = Release|Win32
		{70D0A6A1-2981-4A95-8409-0E8319ABD286}.Debug|x64.ActiveCfg = Debug|x64
		{70D0A6A1-2981-4A95-8409-0E8319ABD286}.Debug|x64.Build.0 = Debug|x64
		{70D0A6A1-2981-4A95-8409-0E8319ABD286}.Debug|x86.ActiveCfg = Debug|Win32
		{70D0A6A1-2981-4A95-8409-0E8319ABD286}.Debug|x86.Build.0 = Debug|Win32
		{70D0A6A1-2981-4A95-8409-0E8319ABD286}.Release|x64.ActiveCfg = Release|x64
		{70D0A6A1-2981-4A95-8409-0E8319ABD286}.Release|x64.Build.0 = Release|x64
		{70D0A6A1-2981-4A95-8409-0E8319ABD286}.Release|x86.ActiveCfg = Release|Win32
		{70D0A6A1-2981-4A95-8409-0E8319ABD286}.Release|x86.Build.0 = Release|Win32
		{FAD541DB-E0D3-4CFC-BB43-129C070FACA7}.Debug|x64.ActiveCfg = Debug|x64
		{FAD541DB-E0D3-4CFC-BB43-129C070FACA7}.Debug|x64.Build.0 = Debug|x64
		{FAD541DB-E0D3-4CFC-BB43-129C070FACA7}.Debug|x86.ActiveCfg = Debug|Win32
		{FAD541DB-E0D3-4CFC-BB43-129C070FACA7}.Debug|x86.Build.0 = Debug|Win32
		{FAD541DB-E0D3-4CFC-BB43-129C070FACA7}.Release|x64.ActiveCfg = Release|x64
		{FAD541DB-E0D3-4CFC-BB43-129C070FACA7}.Release|x64.Build.0 = Release|x64
		{FAD541DB-E0D3-4CFC-BB43-129C070FACA7}.Release|x86.ActiveCfg = Release|Win32
		{FAD541DB-E0D3-4CFC-BB43-129C070FACA7}.Release|x86.Build.0 = Release|Win32
		{870D3AA3-F6E4-49DD-A067-6E8F3074DECD}.Debug|x64.ActiveCfg = Debug|x64
		{870D3AA3-F6E4-49DD-A067-6E8F3074DECD}.Debug|x64.Build.0 = Debug|x64
		{870D3AA3-F6E4-49DD-A067-6E8F3074DECD}.Debug|x86.ActiveCfg = Debug|Win32
		{870D3AA3-F6E4-49DD-A067-6E8F3074DECD}.Debug|x86.Build.0 = Debug|Win32
		{870D3AA3-F6E4-49DD-A067-6E8F3074DECD}.Release|x64.ActiveCfg = Release|x64
		{870D3AA3-F6E4-49DD-A067-6E8F3074DECD}.Release|x64.Build.0 = Release|x64
		{870D3AA3-F6E4-49DD-A067-6E8F3074DECD}.Release|x86.ActiveCfg = Release|Win32
		{870D3AA3-F6E4-49DD-A067-6E8F3074DECD}.Release|x86.Build.0 = Release|Win32
		{4DBDEEA2-E936-4D1F-9DF1-0FA5AC32C807}.Debug|x64.ActiveCfg = Debug|x64
		{4DBDEEA2-E936-4D1F-9DF1-0FA5AC32C807}.Debug|x64.Build.0 = Debug|x64
		{4DBDEEA2-E936-4D1F-9DF1-0FA5AC32C807}.Debug|x86.ActiveCfg = Debug|Win32
		{4DBDEEA2-E936-4D1F-9DF1-0FA5AC32C807}.Debug|x86.Build.0 = Debug|Win32
		{4DBDEEA2-E936-4D1F-9DF1-0FA5AC32C807}.Release|x64.ActiveCfg = Release|x64
		{4DBDEEA2-E936-4D1F-9DF1-0FA5AC32C807}.Release|x64.Build.0 = Release|x64
		{4DBDEEA2-E936-4D1F-9DF1-0FA5AC32C807}.Release|x86.ActiveCfg = Release|Win32
		{4DBDEEA2-E936-4D1F-9DF1-0FA5AC32C807}.Release|x86.Build.0 = Release|Win32
	EndGlobalSection
	GlobalSection(SolutionProperties) = preSolution
		HideSolutionNode = FALSE
	EndGlobalSection
	GlobalSection(NestedProjects) = preSolution
		{6E7A07E8-64A9-4D6F-A6EB-92007C5A2798} = {F8B5C5B0-004E-43E4-BEEF-9C9E99C7223C}
		{F2B1ADE9-17F8-4528-B326-BCFCB180B1A5} = {AB90AD27-C267-44EB-94A3-E69EAC97E688}
		{437D7D2E-723E-4A7A-A43E-02C648417F4D} = {AB90AD27-C267-44EB-94A3-E69EAC97E688}
		{5D162F02-1299-4FD6-92BE-A0B71D68285A} = {AB90AD27-C267-44EB-94A3-E69EAC97E688}
		{CC56FAD4-E677-4E5C-B704-CF770524458D} = {43165E7A-7105-4BF4-9096-8869D44D27C8}
		{8FB5A02C-76F6-4FF0-9B9A-A9CE82BCACB3} = {43165E7A-7105-4BF4-9096-8869D44D27C8}
		{83135A30-0792-4577-8162-6E18B960C933} = {43165E7A-7105-4BF4-9096-8869D44D27C8}
		{6A127FD5-8274-41EF-B8AB-E440E438B30F} = {43165E7A-7105-4BF4-9096-8869D44D27C8}
		{151137D6-CAC9-40E3-8C2B-3362389C9974} = {43165E7A-7105-4BF4-9096-8869D44D27C8}
		{9EA608A0-3FCF-40EE-B18B-E65DE9B3E0AB} = {8BC60D7B-429E-4045-A1EF-9827D86799E8}
		{51D567D0-B218-45CA-8ED2-07AA845FA3F9} = {8BC60D7B-429E-4045-A1EF-9827D86799E8}
		{57DBF841-25E2-4B37-91C4-05D09A2EC5F0} = {8BC60D7B-429E-4045-A1EF-9827D86799E8}
		{993B8C92-0118-47D2-8189-17A42C56FE37} = {FC228D39-827F-4D03-9DDA-409501413B0E}
		{DFE36693-9B90-409C-BD60-C0A083C160B6} = {FC228D39-827F-4D03-9DDA-409501413B0E}
		{DCC65064-F5AE-4DBD-8A97-6AD6A94F2669} = {FC228D39-827F-4D03-9DDA-409501413B0E}
		{7A607D14-4AAC-403D-A419-D02AB2CCE829} = {FC228D39-827F-4D03-9DDA-409501413B0E}
		{906E86D4-1F8F-4550-A403-9B7381C0F1B4} = {CD8210BF-E424-4B22-B930-E36A0DBDCF3F}
		{EEB7140D-1630-431F-AC52-28870E4119E5} = {CD8210BF-E424-4B22-B930-E36A0DBDCF3F}
		{68B01C44-6FB9-4A5D-BE84-555240028EB5} = {CD8210BF-E424-4B22-B930-E36A0DBDCF3F}
		{BE9B70E8-42A3-4B14-B7D4-8A4E8B177E02} = {CD8210BF-E424-4B22-B930-E36A0DBDCF3F}
		{E34CCD8D-85B8-446C-AD2A-336017A1D943} = {799603D9-A0C5-4709-9352-1E021AFCC531}
		{666E4CE5-27A7-4F78-8336-B0F91CD8B1B4} = {799603D9-A0C5-4709-9352-1E021AFCC531}
		{D1E125ED-5358-4528-981D-6ACAF2FF9E2A} = {799603D9-A0C5-4709-9352-1E021AFCC531}
		{B23C3413-50F9-4BC5-91AB-FDCE1333EA28} = {4C46E5D3-DC7F-4739-98E6-FBE7DD302063}
		{B9B16AFB-2C09-47F0-ACF2-2B2F979FD807} = {4C46E5D3-DC7F-4739-98E6-FBE7DD302063}
		{DFFF07DF-5FDF-4C9E-8783-D0E73A645D67} = {4C46E5D3-DC7F-4739-98E6-FBE7DD302063}
		{1E0015E0-FE28-4397-9D9A-C7CD283AF082} = {4C46E5D3-DC7F-4739-98E6-FBE7DD302063}
		{8BAFF4DB-00E1-408F-88A8-6A832EA33615} = {AC52BC32-D050-427B-B740-8A045D135C7B}
		{A8C73B11-EF6B-4470-94ED-C9D3B9811966} = {AC52BC32-D050-427B-B740-8A045D135C7B}
		{65EE73CC-475E-4D33-97BA-1DF382786531} = {AC52BC32-D050-427B-B740-8A045D135C7B}
		{FB370D35-3A8C-49FC-B605-1F81DBE1AD31} = {AC52BC32-D050-427B-B740-8A045D135C7B}
		{15D16337-1C41-4C06-843B-B6192C82CD22} = {DC3A0D53-50FD-4E70-92B5-050429CFF4A7}
		{C64AC768-54E6-46A6-95EF-C1A5D5A8C537} = {5766D4A3-8276-441F-A6C2-58E15EECA75C}
		{70D0A6A1-2981-4A95-8409-0E8319ABD286} = {5766D4A3-8276-441F-A6C2-58E15EECA75C}
		{FAD541DB-E0D3-4CFC-BB43-129C070FACA7} = {5766D4A3-8276-441F-A6C2-58E15EECA75C}
		{870D3AA3-F6E4-49DD-A067-6E8F3074DECD} = {5766D4A3-8276-441F-A6C2-58E15EECA75C}
		{4DBDEEA2-E936-4D1F-9DF1-0FA5AC32C807} = {5766D4A3-8276-441F-A6C2-58E15EECA75C}
	EndGlobalSection
	GlobalSection(ExtensibilityGlobals) = postSolution
		SolutionGuid = {02295A67-C4B5-4727-9BC8-43F1A51C5BC5}
	EndGlobalSection
EndGlobal
