
Microsoft Visual Studio Solution File, Format Version 12.00
# Visual Studio Version 17
VisualStudioVersion = 17.11.35327.3
MinimumVisualStudioVersion = 10.0.40219.1
Project("{8BC9CEB8-8B4A-11D0-8D11-00A0C91BC942}") = "01_Demo", "01_Demo\01_Demo.vcxproj", "{395CCFE2-3270-47F1-A403-C9EFE9C026D2}"
EndProject
Project("{8BC9CEB8-8B4A-11D0-8D11-00A0C91BC942}") = "02_Demo", "02_Demo\02_Demo.vcxproj", "{C9898285-2E8B-4D2C-9DD9-83C9B4570B65}"
EndProject
Project("{8BC9CEB8-8B4A-11D0-8D11-00A0C91BC942}") = "03_Demo", "03_Demo\03_Demo.vcxproj", "{7E27D050-849E-4249-9545-8699E511EC47}"
EndProject
Project("{8BC9CEB8-8B4A-11D0-8D11-00A0C91BC942}") = "04_Demo", "04_Exercise\04_Exercise.vcxproj", "{36835C4D-43C0-41BD-A877-9221A26D662E}"
EndProject
Project("{8BC9CEB8-8B4A-11D0-8D11-00A0C91BC942}") = "05_Demo", "05_Demo\05_Demo.vcxproj", "{73CB5913-3392-4C76-AB67-564B6A4E17F4}"
EndProject
Global
	GlobalSection(SolutionConfigurationPlatforms) = preSolution
		Debug|x64 = Debug|x64
		Debug|x86 = Debug|x86
		Release|x64 = Release|x64
		Release|x86 = Release|x86
	EndGlobalSection
	GlobalSection(ProjectConfigurationPlatforms) = postSolution
		{395CCFE2-3270-47F1-A403-C9EFE9C026D2}.Debug|x64.ActiveCfg = Debug|x64
		{395CCFE2-3270-47F1-A403-C9EFE9C026D2}.Debug|x64.Build.0 = Debug|x64
		{395CCFE2-3270-47F1-A403-C9EFE9C026D2}.Debug|x86.ActiveCfg = Debug|Win32
		{395CCFE2-3270-47F1-A403-C9EFE9C026D2}.Debug|x86.Build.0 = Debug|Win32
		{395CCFE2-3270-47F1-A403-C9EFE9C026D2}.Release|x64.ActiveCfg = Release|x64
		{395CCFE2-3270-47F1-A403-C9EFE9C026D2}.Release|x64.Build.0 = Release|x64
		{395CCFE2-3270-47F1-A403-C9EFE9C026D2}.Release|x86.ActiveCfg = Release|Win32
		{395CCFE2-3270-47F1-A403-C9EFE9C026D2}.Release|x86.Build.0 = Release|Win32
		{C9898285-2E8B-4D2C-9DD9-83C9B4570B65}.Debug|x64.ActiveCfg = Debug|x64
		{C9898285-2E8B-4D2C-9DD9-83C9B4570B65}.Debug|x64.Build.0 = Debug|x64
		{C9898285-2E8B-4D2C-9DD9-83C9B4570B65}.Debug|x86.ActiveCfg = Debug|Win32
		{C9898285-2E8B-4D2C-9DD9-83C9B4570B65}.Debug|x86.Build.0 = Debug|Win32
		{C9898285-2E8B-4D2C-9DD9-83C9B4570B65}.Release|x64.ActiveCfg = Release|x64
		{C9898285-2E8B-4D2C-9DD9-83C9B4570B65}.Release|x64.Build.0 = Release|x64
		{C9898285-2E8B-4D2C-9DD9-83C9B4570B65}.Release|x86.ActiveCfg = Release|Win32
		{C9898285-2E8B-4D2C-9DD9-83C9B4570B65}.Release|x86.Build.0 = Release|Win32
		{7E27D050-849E-4249-9545-8699E511EC47}.Debug|x64.ActiveCfg = Debug|x64
		{7E27D050-849E-4249-9545-8699E511EC47}.Debug|x64.Build.0 = Debug|x64
		{7E27D050-849E-4249-9545-8699E511EC47}.Debug|x86.ActiveCfg = Debug|Win32
		{7E27D050-849E-4249-9545-8699E511EC47}.Debug|x86.Build.0 = Debug|Win32
		{7E27D050-849E-4249-9545-8699E511EC47}.Release|x64.ActiveCfg = Release|x64
		{7E27D050-849E-4249-9545-8699E511EC47}.Release|x64.Build.0 = Release|x64
		{7E27D050-849E-4249-9545-8699E511EC47}.Release|x86.ActiveCfg = Release|Win32
		{7E27D050-849E-4249-9545-8699E511EC47}.Release|x86.Build.0 = Release|Win32
		{36835C4D-43C0-41BD-A877-9221A26D662E}.Debug|x64.ActiveCfg = Debug|x64
		{36835C4D-43C0-41BD-A877-9221A26D662E}.Debug|x64.Build.0 = Debug|x64
		{36835C4D-43C0-41BD-A877-9221A26D662E}.Debug|x86.ActiveCfg = Debug|Win32
		{36835C4D-43C0-41BD-A877-9221A26D662E}.Debug|x86.Build.0 = Debug|Win32
		{36835C4D-43C0-41BD-A877-9221A26D662E}.Release|x64.ActiveCfg = Release|x64
		{36835C4D-43C0-41BD-A877-9221A26D662E}.Release|x64.Build.0 = Release|x64
		{36835C4D-43C0-41BD-A877-9221A26D662E}.Release|x86.ActiveCfg = Release|Win32
		{36835C4D-43C0-41BD-A877-9221A26D662E}.Release|x86.Build.0 = Release|Win32
		{73CB5913-3392-4C76-AB67-564B6A4E17F4}.Debug|x64.ActiveCfg = Debug|x64
		{73CB5913-3392-4C76-AB67-564B6A4E17F4}.Debug|x64.Build.0 = Debug|x64
		{73CB5913-3392-4C76-AB67-564B6A4E17F4}.Debug|x86.ActiveCfg = Debug|Win32
		{73CB5913-3392-4C76-AB67-564B6A4E17F4}.Debug|x86.Build.0 = Debug|Win32
		{73CB5913-3392-4C76-AB67-564B6A4E17F4}.Release|x64.ActiveCfg = Release|x64
		{73CB5913-3392-4C76-AB67-564B6A4E17F4}.Release|x64.Build.0 = Release|x64
		{73CB5913-3392-4C76-AB67-564B6A4E17F4}.Release|x86.ActiveCfg = Release|Win32
		{73CB5913-3392-4C76-AB67-564B6A4E17F4}.Release|x86.Build.0 = Release|Win32
	EndGlobalSection
	GlobalSection(SolutionProperties) = preSolution
		HideSolutionNode = FALSE
	EndGlobalSection
	GlobalSection(ExtensibilityGlobals) = postSolution
		SolutionGuid = {0758FBAC-70B3-42D0-A21D-80E5A2758199}
	EndGlobalSection
EndGlobal
